
Microsoft Visual Studio Solution File, Format Version 12.00
# Visual Studio Version 17
VisualStudioVersion = 17.7.34018.315
MinimumVisualStudioVersion = 10.0.40219.1
Project("{FAE04EC0-301F-11D3-BF4B-00C04F79EFBC}") = "inluppg5.3A", "inluppg5.3A\inluppg5.3A.csproj", "{993A030F-F58C-45F3-B5A1-C66718C59891}"
EndProject
Global
	GlobalSection(SolutionConfigurationPlatforms) = preSolution
		Debug|Any CPU = Debug|Any CPU
		Release|Any CPU = Release|Any CPU
	EndGlobalSection
	GlobalSection(ProjectConfigurationPlatforms) = postSolution
		{993A030F-F58C-45F3-B5A1-C66718C59891}.Debug|Any CPU.ActiveCfg = Debug|Any CPU
		{993A030F-F58C-45F3-B5A1-C66718C59891}.Debug|Any CPU.Build.0 = Debug|Any CPU
		{993A030F-F58C-45F3-B5A1-C66718C59891}.Release|Any CPU.ActiveCfg = Release|Any CPU
		{993A030F-F58C-45F3-B5A1-C66718C59891}.Release|Any CPU.Build.0 = Release|Any CPU
	EndGlobalSection
	GlobalSection(SolutionProperties) = preSolution
		HideSolutionNode = FALSE
	EndGlobalSection
	GlobalSection(ExtensibilityGlobals) = postSolution
		SolutionGuid = {0A3E8D5A-0027-4E2F-9BE3-A46E1D076D17}
	EndGlobalSection
EndGlobal
